
Microsoft Visual Studio Solution File, Format Version 12.00
# Visual Studio 15
Project("{FAE04EC0-301F-11D3-BF4B-00C04F79EFBC}") = "Assembly-CSharp", "Assembly-CSharp.csproj", "{FF3B5B28-E05F-DC00-CC25-65CA71AABF34}"
EndProject
Global
	GlobalSection(SolutionConfigurationPlatforms) = preSolution
		Debug|Any CPU = Debug|Any CPU
		Release|Any CPU = Release|Any CPU
	EndGlobalSection
	GlobalSection(ProjectConfigurationPlatforms) = postSolution
		{FF3B5B28-E05F-DC00-CC25-65CA71AABF34}.Debug|Any CPU.ActiveCfg = Debug|Any CPU
		{FF3B5B28-E05F-DC00-CC25-65CA71AABF34}.Debug|Any CPU.Build.0 = Debug|Any CPU
		{FF3B5B28-E05F-DC00-CC25-65CA71AABF34}.Release|Any CPU.ActiveCfg = Release|Any CPU
		{FF3B5B28-E05F-DC00-CC25-65CA71AABF34}.Release|Any CPU.Build.0 = Release|Any CPU
	EndGlobalSection
	GlobalSection(SolutionProperties) = preSolution
		HideSolutionNode = FALSE
	EndGlobalSection
EndGlobal
